
Microsoft Visual Studio Solution File, Format Version 12.00
# Visual Studio 15
VisualStudioVersion = 15.0.28307.438
MinimumVisualStudioVersion = 10.0.40219.1
Project("{FAE04EC0-301F-11D3-BF4B-00C04F79EFBC}") = "TipCalculator", "TipCalculator\TipCalculator.csproj", "{C694A911-4474-4CD5-A0A2-CD6D1C75D29C}"
EndProject
Global
	GlobalSection(SolutionConfigurationPlatforms) = preSolution
		Debug|Any CPU = Debug|Any CPU
		Release|Any CPU = Release|Any CPU
	EndGlobalSection
	GlobalSection(ProjectConfigurationPlatforms) = postSolution
		{C694A911-4474-4CD5-A0A2-CD6D1C75D29C}.Debug|Any CPU.ActiveCfg = Debug|Any CPU
		{C694A911-4474-4CD5-A0A2-CD6D1C75D29C}.Debug|Any CPU.Build.0 = Debug|Any CPU
		{C694A911-4474-4CD5-A0A2-CD6D1C75D29C}.Release|Any CPU.ActiveCfg = Release|Any CPU
		{C694A911-4474-4CD5-A0A2-CD6D1C75D29C}.Release|Any CPU.Build.0 = Release|Any CPU
	EndGlobalSection
	GlobalSection(SolutionProperties) = preSolution
		HideSolutionNode = FALSE
	EndGlobalSection
	GlobalSection(ExtensibilityGlobals) = postSolution
		SolutionGuid = {110E617D-B5BB-4666-9211-BB69CF338DE0}
	EndGlobalSection
EndGlobal
