
Microsoft Visual Studio Solution File, Format Version 12.00
# Visual Studio 15
VisualStudioVersion = 15.0.28307.489
MinimumVisualStudioVersion = 10.0.40219.1
Project("{FAE04EC0-301F-11D3-BF4B-00C04F79EFBC}") = "GuildCars.UI", "GuildCars\GuildCars.UI.csproj", "{549942D0-E784-475A-B0D9-2BBD4FECF911}"
EndProject
Project("{FAE04EC0-301F-11D3-BF4B-00C04F79EFBC}") = "GuildCars.Data", "GuildCars.Data\GuildCars.Data.csproj", "{432F4ADF-A45E-4EE8-A88B-AF6195893D13}"
EndProject
Project("{FAE04EC0-301F-11D3-BF4B-00C04F79EFBC}") = "GuildCars.Models", "GuildCars.Models\GuildCars.Models.csproj", "{97F0D3E9-C129-47C6-B834-B02B0785B27A}"
EndProject
Global
	GlobalSection(SolutionConfigurationPlatforms) = preSolution
		Debug|Any CPU = Debug|Any CPU
		Release|Any CPU = Release|Any CPU
	EndGlobalSection
	GlobalSection(ProjectConfigurationPlatforms) = postSolution
		{549942D0-E784-475A-B0D9-2BBD4FECF911}.Debug|Any CPU.ActiveCfg = Debug|Any CPU
		{549942D0-E784-475A-B0D9-2BBD4FECF911}.Debug|Any CPU.Build.0 = Debug|Any CPU
		{549942D0-E784-475A-B0D9-2BBD4FECF911}.Release|Any CPU.ActiveCfg = Release|Any CPU
		{549942D0-E784-475A-B0D9-2BBD4FECF911}.Release|Any CPU.Build.0 = Release|Any CPU
		{432F4ADF-A45E-4EE8-A88B-AF6195893D13}.Debug|Any CPU.ActiveCfg = Debug|Any CPU
		{432F4ADF-A45E-4EE8-A88B-AF6195893D13}.Debug|Any CPU.Build.0 = Debug|Any CPU
		{432F4ADF-A45E-4EE8-A88B-AF6195893D13}.Release|Any CPU.ActiveCfg = Release|Any CPU
		{432F4ADF-A45E-4EE8-A88B-AF6195893D13}.Release|Any CPU.Build.0 = Release|Any CPU
		{97F0D3E9-C129-47C6-B834-B02B0785B27A}.Debug|Any CPU.ActiveCfg = Debug|Any CPU
		{97F0D3E9-C129-47C6-B834-B02B0785B27A}.Debug|Any CPU.Build.0 = Debug|Any CPU
		{97F0D3E9-C129-47C6-B834-B02B0785B27A}.Release|Any CPU.ActiveCfg = Release|Any CPU
		{97F0D3E9-C129-47C6-B834-B02B0785B27A}.Release|Any CPU.Build.0 = Release|Any CPU
	EndGlobalSection
	GlobalSection(SolutionProperties) = preSolution
		HideSolutionNode = FALSE
	EndGlobalSection
	GlobalSection(ExtensibilityGlobals) = postSolution
		SolutionGuid = {79329FEE-9892-4476-B07F-734CCD6D56A3}
	EndGlobalSection
EndGlobal
