
Microsoft Visual Studio Solution File, Format Version 12.00
# Visual Studio 15
VisualStudioVersion = 15.0.28307.329
MinimumVisualStudioVersion = 10.0.40219.1
Project("{FAE04EC0-301F-11D3-BF4B-00C04F79EFBC}") = "Flooring.UI", "Flooring.UI\Flooring.UI.csproj", "{2CF1B871-8AA1-4D66-8446-0AE504369D2D}"
EndProject
Project("{FAE04EC0-301F-11D3-BF4B-00C04F79EFBC}") = "Flooring.Models", "Flooring.Models\Flooring.Models.csproj", "{18CF45C7-8978-4589-BEBC-41800225C2EE}"
EndProject
Project("{FAE04EC0-301F-11D3-BF4B-00C04F79EFBC}") = "Flooring.Data", "Flooring.Data\Flooring.Data.csproj", "{6A55F1B6-08EC-4A60-AA6E-D1EE9477FEC8}"
EndProject
Project("{FAE04EC0-301F-11D3-BF4B-00C04F79EFBC}") = "Flooring.BLL", "Flooring.BLL\Flooring.BLL.csproj", "{361D39C2-8C51-4059-95B1-883216812E49}"
EndProject
Project("{FAE04EC0-301F-11D3-BF4B-00C04F79EFBC}") = "Flooring.Tests", "Flooring.Tests\Flooring.Tests.csproj", "{540C9912-9B27-4FB0-AB8D-299AEA52B937}"
EndProject
Global
	GlobalSection(SolutionConfigurationPlatforms) = preSolution
		Debug|Any CPU = Debug|Any CPU
		Release|Any CPU = Release|Any CPU
	EndGlobalSection
	GlobalSection(ProjectConfigurationPlatforms) = postSolution
		{2CF1B871-8AA1-4D66-8446-0AE504369D2D}.Debug|Any CPU.ActiveCfg = Debug|Any CPU
		{2CF1B871-8AA1-4D66-8446-0AE504369D2D}.Debug|Any CPU.Build.0 = Debug|Any CPU
		{2CF1B871-8AA1-4D66-8446-0AE504369D2D}.Release|Any CPU.ActiveCfg = Release|Any CPU
		{2CF1B871-8AA1-4D66-8446-0AE504369D2D}.Release|Any CPU.Build.0 = Release|Any CPU
		{18CF45C7-8978-4589-BEBC-41800225C2EE}.Debug|Any CPU.ActiveCfg = Debug|Any CPU
		{18CF45C7-8978-4589-BEBC-41800225C2EE}.Debug|Any CPU.Build.0 = Debug|Any CPU
		{18CF45C7-8978-4589-BEBC-41800225C2EE}.Release|Any CPU.ActiveCfg = Release|Any CPU
		{18CF45C7-8978-4589-BEBC-41800225C2EE}.Release|Any CPU.Build.0 = Release|Any CPU
		{6A55F1B6-08EC-4A60-AA6E-D1EE9477FEC8}.Debug|Any CPU.ActiveCfg = Debug|Any CPU
		{6A55F1B6-08EC-4A60-AA6E-D1EE9477FEC8}.Debug|Any CPU.Build.0 = Debug|Any CPU
		{6A55F1B6-08EC-4A60-AA6E-D1EE9477FEC8}.Release|Any CPU.ActiveCfg = Release|Any CPU
		{6A55F1B6-08EC-4A60-AA6E-D1EE9477FEC8}.Release|Any CPU.Build.0 = Release|Any CPU
		{361D39C2-8C51-4059-95B1-883216812E49}.Debug|Any CPU.ActiveCfg = Debug|Any CPU
		{361D39C2-8C51-4059-95B1-883216812E49}.Debug|Any CPU.Build.0 = Debug|Any CPU
		{361D39C2-8C51-4059-95B1-883216812E49}.Release|Any CPU.ActiveCfg = Release|Any CPU
		{361D39C2-8C51-4059-95B1-883216812E49}.Release|Any CPU.Build.0 = Release|Any CPU
		{540C9912-9B27-4FB0-AB8D-299AEA52B937}.Debug|Any CPU.ActiveCfg = Debug|Any CPU
		{540C9912-9B27-4FB0-AB8D-299AEA52B937}.Debug|Any CPU.Build.0 = Debug|Any CPU
		{540C9912-9B27-4FB0-AB8D-299AEA52B937}.Release|Any CPU.ActiveCfg = Release|Any CPU
		{540C9912-9B27-4FB0-AB8D-299AEA52B937}.Release|Any CPU.Build.0 = Release|Any CPU
	EndGlobalSection
	GlobalSection(SolutionProperties) = preSolution
		HideSolutionNode = FALSE
	EndGlobalSection
	GlobalSection(ExtensibilityGlobals) = postSolution
		SolutionGuid = {88CAA7A7-A254-4A21-8C8D-6696B62B6542}
	EndGlobalSection
EndGlobal
